
Microsoft Visual Studio Solution File, Format Version 12.00
# Visual Studio Version 17
VisualStudioVersion = 17.11.35327.3
MinimumVisualStudioVersion = 10.0.40219.1
Project("{FAE04EC0-301F-11D3-BF4B-00C04F79EFBC}") = "devices.webapi", "devices.webapi\devices.webapi.csproj", "{19687C47-95FC-4E52-AC72-85E6D9B825D6}"
EndProject
Global
	GlobalSection(SolutionConfigurationPlatforms) = preSolution
		Debug|Any CPU = Debug|Any CPU
		Release|Any CPU = Release|Any CPU
	EndGlobalSection
	GlobalSection(ProjectConfigurationPlatforms) = postSolution
		{19687C47-95FC-4E52-AC72-85E6D9B825D6}.Debug|Any CPU.ActiveCfg = Debug|Any CPU
		{19687C47-95FC-4E52-AC72-85E6D9B825D6}.Debug|Any CPU.Build.0 = Debug|Any CPU
		{19687C47-95FC-4E52-AC72-85E6D9B825D6}.Release|Any CPU.ActiveCfg = Release|Any CPU
		{19687C47-95FC-4E52-AC72-85E6D9B825D6}.Release|Any CPU.Build.0 = Release|Any CPU
	EndGlobalSection
	GlobalSection(SolutionProperties) = preSolution
		HideSolutionNode = FALSE
	EndGlobalSection
	GlobalSection(ExtensibilityGlobals) = postSolution
		SolutionGuid = {01EDBED8-6E09-4CBC-8CB0-2E75E3A1E167}
	EndGlobalSection
EndGlobal
